
Microsoft Visual Studio Solution File, Format Version 12.00
# Visual Studio Version 17
VisualStudioVersion = 17.8.34322.80
MinimumVisualStudioVersion = 10.0.40219.1
Project("{FAE04EC0-301F-11D3-BF4B-00C04F79EFBC}") = "SchoolManagementSystem", "SchoolManagementSystem\SchoolManagementSystem.csproj", "{AB30AF40-69DB-4C8A-A140-2856D972F9B7}"
EndProject
Project("{FAE04EC0-301F-11D3-BF4B-00C04F79EFBC}") = "UnitTestProject1", "UnitTestProject1\UnitTestProject1.csproj", "{48282FDA-522C-4B5D-9184-5B5572A557D6}"
EndProject
Global
	GlobalSection(SolutionConfigurationPlatforms) = preSolution
		Debug|Any CPU = Debug|Any CPU
		Release|Any CPU = Release|Any CPU
	EndGlobalSection
	GlobalSection(ProjectConfigurationPlatforms) = postSolution
		{AB30AF40-69DB-4C8A-A140-2856D972F9B7}.Debug|Any CPU.ActiveCfg = Debug|Any CPU
		{AB30AF40-69DB-4C8A-A140-2856D972F9B7}.Debug|Any CPU.Build.0 = Debug|Any CPU
		{AB30AF40-69DB-4C8A-A140-2856D972F9B7}.Release|Any CPU.ActiveCfg = Release|Any CPU
		{AB30AF40-69DB-4C8A-A140-2856D972F9B7}.Release|Any CPU.Build.0 = Release|Any CPU
		{48282FDA-522C-4B5D-9184-5B5572A557D6}.Debug|Any CPU.ActiveCfg = Debug|Any CPU
		{48282FDA-522C-4B5D-9184-5B5572A557D6}.Debug|Any CPU.Build.0 = Debug|Any CPU
		{48282FDA-522C-4B5D-9184-5B5572A557D6}.Release|Any CPU.ActiveCfg = Release|Any CPU
		{48282FDA-522C-4B5D-9184-5B5572A557D6}.Release|Any CPU.Build.0 = Release|Any CPU
	EndGlobalSection
	GlobalSection(SolutionProperties) = preSolution
		HideSolutionNode = FALSE
	EndGlobalSection
	GlobalSection(ExtensibilityGlobals) = postSolution
		SolutionGuid = {B94928C1-AD01-4247-8D7C-E7FBDB79B967}
	EndGlobalSection
EndGlobal
