
Microsoft Visual Studio Solution File, Format Version 12.00
# Visual Studio Version 17
VisualStudioVersion = 17.8.34322.80
MinimumVisualStudioVersion = 10.0.40219.1
Project("{FAE04EC0-301F-11D3-BF4B-00C04F79EFBC}") = "testAPI", "testAPI\testAPI.csproj", "{104E4403-6799-47CF-A9E8-91F3298E3D68}"
EndProject
Global
	GlobalSection(SolutionConfigurationPlatforms) = preSolution
		Debug|Any CPU = Debug|Any CPU
		Release|Any CPU = Release|Any CPU
	EndGlobalSection
	GlobalSection(ProjectConfigurationPlatforms) = postSolution
		{104E4403-6799-47CF-A9E8-91F3298E3D68}.Debug|Any CPU.ActiveCfg = Debug|Any CPU
		{104E4403-6799-47CF-A9E8-91F3298E3D68}.Debug|Any CPU.Build.0 = Debug|Any CPU
		{104E4403-6799-47CF-A9E8-91F3298E3D68}.Release|Any CPU.ActiveCfg = Release|Any CPU
		{104E4403-6799-47CF-A9E8-91F3298E3D68}.Release|Any CPU.Build.0 = Release|Any CPU
	EndGlobalSection
	GlobalSection(SolutionProperties) = preSolution
		HideSolutionNode = FALSE
	EndGlobalSection
	GlobalSection(ExtensibilityGlobals) = postSolution
		SolutionGuid = {D0569253-1482-4CDA-827A-963FB9A50D77}
	EndGlobalSection
EndGlobal
