
Microsoft Visual Studio Solution File, Format Version 12.00
# Visual Studio Version 17
VisualStudioVersion = 17.4.33103.184
MinimumVisualStudioVersion = 10.0.40219.1
Project("{FAE04EC0-301F-11D3-BF4B-00C04F79EFBC}") = "Pr5Bank", "Pr5Bank\Pr5Bank.csproj", "{39A10790-BC57-4951-9EB1-918A0B5D7F3E}"
EndProject
Global
	GlobalSection(SolutionConfigurationPlatforms) = preSolution
		Debug|Any CPU = Debug|Any CPU
		Release|Any CPU = Release|Any CPU
	EndGlobalSection
	GlobalSection(ProjectConfigurationPlatforms) = postSolution
		{39A10790-BC57-4951-9EB1-918A0B5D7F3E}.Debug|Any CPU.ActiveCfg = Debug|Any CPU
		{39A10790-BC57-4951-9EB1-918A0B5D7F3E}.Debug|Any CPU.Build.0 = Debug|Any CPU
		{39A10790-BC57-4951-9EB1-918A0B5D7F3E}.Release|Any CPU.ActiveCfg = Release|Any CPU
		{39A10790-BC57-4951-9EB1-918A0B5D7F3E}.Release|Any CPU.Build.0 = Release|Any CPU
	EndGlobalSection
	GlobalSection(SolutionProperties) = preSolution
		HideSolutionNode = FALSE
	EndGlobalSection
	GlobalSection(ExtensibilityGlobals) = postSolution
		SolutionGuid = {1019B535-AFD1-46F6-A66D-2F5B3F2A3A05}
	EndGlobalSection
EndGlobal
